
Microsoft Visual Studio Solution File, Format Version 12.00
# Visual Studio Version 17
VisualStudioVersion = 17.7.34031.279
MinimumVisualStudioVersion = 10.0.40219.1
Project("{FAE04EC0-301F-11D3-BF4B-00C04F79EFBC}") = "Youtube", "Youtube\Youtube.csproj", "{39FF2446-EEFA-490C-A8AE-C0D136125493}"
EndProject
Global
	GlobalSection(SolutionConfigurationPlatforms) = preSolution
		Debug|Any CPU = Debug|Any CPU
		Release|Any CPU = Release|Any CPU
	EndGlobalSection
	GlobalSection(ProjectConfigurationPlatforms) = postSolution
		{39FF2446-EEFA-490C-A8AE-C0D136125493}.Debug|Any CPU.ActiveCfg = Debug|Any CPU
		{39FF2446-EEFA-490C-A8AE-C0D136125493}.Debug|Any CPU.Build.0 = Debug|Any CPU
		{39FF2446-EEFA-490C-A8AE-C0D136125493}.Release|Any CPU.ActiveCfg = Release|Any CPU
		{39FF2446-EEFA-490C-A8AE-C0D136125493}.Release|Any CPU.Build.0 = Release|Any CPU
	EndGlobalSection
	GlobalSection(SolutionProperties) = preSolution
		HideSolutionNode = FALSE
	EndGlobalSection
	GlobalSection(ExtensibilityGlobals) = postSolution
		SolutionGuid = {3B5BBE9B-D3F0-4F94-AB6A-FC2FA0DA3B85}
	EndGlobalSection
EndGlobal
